
Microsoft Visual Studio Solution File, Format Version 12.00
# Visual Studio Version 16
VisualStudioVersion = 16.0.30804.86
MinimumVisualStudioVersion = 10.0.40219.1
Project("{9A19103F-16F7-4668-BE54-9A1E7A4F7556}") = "Dictionary", "ConsoleApp2\Dictionary.csproj", "{F532548B-0F14-42E9-9948-BA8773E48528}"
EndProject
Global
	GlobalSection(SolutionConfigurationPlatforms) = preSolution
		Debug|Any CPU = Debug|Any CPU
		Release|Any CPU = Release|Any CPU
	EndGlobalSection
	GlobalSection(ProjectConfigurationPlatforms) = postSolution
		{F532548B-0F14-42E9-9948-BA8773E48528}.Debug|Any CPU.ActiveCfg = Debug|Any CPU
		{F532548B-0F14-42E9-9948-BA8773E48528}.Debug|Any CPU.Build.0 = Debug|Any CPU
		{F532548B-0F14-42E9-9948-BA8773E48528}.Release|Any CPU.ActiveCfg = Release|Any CPU
		{F532548B-0F14-42E9-9948-BA8773E48528}.Release|Any CPU.Build.0 = Release|Any CPU
	EndGlobalSection
	GlobalSection(SolutionProperties) = preSolution
		HideSolutionNode = FALSE
	EndGlobalSection
	GlobalSection(ExtensibilityGlobals) = postSolution
		SolutionGuid = {E144803D-3A8B-48E1-8D60-30EB1B26DD26}
	EndGlobalSection
EndGlobal
